
Microsoft Visual Studio Solution File, Format Version 11.00
# Visual Studio 2010
Project("{FAE04EC0-301F-11D3-BF4B-00C04F79EFBC}") = "CocBookSite", "CocBookSite\CocBookSite.csproj", "{5F7B4F78-B958-4089-BEA3-246870FACECE}"
EndProject
Global
	GlobalSection(SolutionConfigurationPlatforms) = preSolution
		Debug|Any CPU = Debug|Any CPU
		Release|Any CPU = Release|Any CPU
	EndGlobalSection
	GlobalSection(ProjectConfigurationPlatforms) = postSolution
		{5F7B4F78-B958-4089-BEA3-246870FACECE}.Debug|Any CPU.ActiveCfg = Debug|Any CPU
		{5F7B4F78-B958-4089-BEA3-246870FACECE}.Debug|Any CPU.Build.0 = Debug|Any CPU
		{5F7B4F78-B958-4089-BEA3-246870FACECE}.Release|Any CPU.ActiveCfg = Release|Any CPU
		{5F7B4F78-B958-4089-BEA3-246870FACECE}.Release|Any CPU.Build.0 = Release|Any CPU
	EndGlobalSection
	GlobalSection(SolutionProperties) = preSolution
		HideSolutionNode = FALSE
	EndGlobalSection
EndGlobal
